PODS:
  - MagicalRecord/Shorthand (2.2)
  - MBProgressHUD (1.0.0)
  - SDWebImage (4.0.0):
    - SDWebImage/Core (= 4.0.0)
  - SDWebImage/Core (4.0.0)
  - VK-ios-sdk (1.4.6)

DEPENDENCIES:
  - MagicalRecord/Shorthand
  - MBProgressHUD (from `https://github.com/jdg/MBProgressHUD.git`, tag `1.0.0`)
  - SDWebImage
  - VK-ios-sdk

EXTERNAL SOURCES:
  MBProgressHUD:
    :git: https://github.com/jdg/MBProgressHUD.git
    :tag: 1.0.0

CHECKOUT OPTIONS:
  MBProgressHUD:
    :git: https://github.com/jdg/MBProgressHUD.git
    :tag: 1.0.0

SPEC CHECKSUMS:
  MagicalRecord: 2dc87179ae7c1f2a274442624ec65a07d4357a6f
  MBProgressHUD: 4890f671c94e8a0f3cf959aa731e9de2f036d71a
  SDWebImage: 76a6348bdc74eb5a55dd08a091ef298e56b55e41
  VK-ios-sdk: 7fd48bc5aaa6b96c3197c1987eb6593f2ea67331

PODFILE CHECKSUM: e817bf524fac75069f1c0adc3afa9fc2a56f6292

COCOAPODS: 1.2.0
